// !$*UTF8*$!
{
	archiveVersion = 1;
	classes = {
	};
	objectVersion = 50;
	objects = {

/* Begin PBXBuildFile section */
		3549E6D12374DFB300EA21C9 /* iCombineNetwork.framework in Frameworks */ = {isa = PBXBuildFile; fileRef = 3549E6C72374DFB300EA21C9 /* iCombineNetwork.framework */; };
		3549E6D82374DFB300EA21C9 /* iCombineNetwork.h in Headers */ = {isa = PBXBuildFile; fileRef = 3549E6CA2374DFB300EA21C9 /* iCombineNetwork.h */; settings = {ATTRIBUTES = (Public, ); }; };
		3549E6E32374E01800EA21C9 /* RequestMethod.swift in Sources */ = {isa = PBXBuildFile; fileRef = 3549E6E22374E01800EA21C9 /* RequestMethod.swift */; };
		784417DCFD94A56C2914E548 /* libPods-iCombineNetwork.a in Frameworks */ = {isa = PBXBuildFile; fileRef = 3AFB053CE1142720D98E2A76 /* libPods-iCombineNetwork.a */; };
		89CD10A026DA70F100605C63 /* iCombineNetworkTests.swift in Sources */ = {isa = PBXBuildFile; fileRef = 89CD109F26DA70F100605C63 /* iCombineNetworkTests.swift */; };
		89CD10A626DA72DE00605C63 /* ResponseHandler.swift in Sources */ = {isa = PBXBuildFile; fileRef = 89CD10A226DA72DE00605C63 /* ResponseHandler.swift */; };
		89CD10A726DA72DE00605C63 /* NetworkConnectionManager.swift in Sources */ = {isa = PBXBuildFile; fileRef = 89CD10A326DA72DE00605C63 /* NetworkConnectionManager.swift */; };
		89CD10A826DA72DE00605C63 /* HTTPClient.swift in Sources */ = {isa = PBXBuildFile; fileRef = 89CD10A426DA72DE00605C63 /* HTTPClient.swift */; };
		89CD10A926DA72DE00605C63 /* HTTPClientType.swift in Sources */ = {isa = PBXBuildFile; fileRef = 89CD10A526DA72DE00605C63 /* HTTPClientType.swift */; };
		89CD10AB26DA730300605C63 /* RequestBody.swift in Sources */ = {isa = PBXBuildFile; fileRef = 89CD10AA26DA730300605C63 /* RequestBody.swift */; };
		89CD10B126DA731500605C63 /* ServerError.swift in Sources */ = {isa = PBXBuildFile; fileRef = 89CD10AD26DA731500605C63 /* ServerError.swift */; };
		89CD10B226DA731500605C63 /* BusinessError.swift in Sources */ = {isa = PBXBuildFile; fileRef = 89CD10AE26DA731500605C63 /* BusinessError.swift */; };
		89CD10B326DA731500605C63 /* HTTPError.swift in Sources */ = {isa = PBXBuildFile; fileRef = 89CD10AF26DA731500605C63 /* HTTPError.swift */; };
		89CD10B426DA731500605C63 /* NetworkError.swift in Sources */ = {isa = PBXBuildFile; fileRef = 89CD10B026DA731500605C63 /* NetworkError.swift */; };
		89CD10B626DA732A00605C63 /* RequestHeader.swift in Sources */ = {isa = PBXBuildFile; fileRef = 89CD10B526DA732A00605C63 /* RequestHeader.swift */; };
		89CD10B826DA733500605C63 /* URLParameters.swift in Sources */ = {isa = PBXBuildFile; fileRef = 89CD10B726DA733500605C63 /* URLParameters.swift */; };
		89CD10BA26DA734600605C63 /* RequestBodyType.swift in Sources */ = {isa = PBXBuildFile; fileRef = 89CD10B926DA734600605C63 /* RequestBodyType.swift */; };
		89CD10BF26DA736000605C63 /* String+Constants.swift in Sources */ = {isa = PBXBuildFile; fileRef = 89CD10BC26DA736000605C63 /* String+Constants.swift */; };
		89CD10C026DA736000605C63 /* Dictionary+Formatter.swift in Sources */ = {isa = PBXBuildFile; fileRef = 89CD10BD26DA736000605C63 /* Dictionary+Formatter.swift */; };
		89CD10C126DA736000605C63 /* URL+Mutable.swift in Sources */ = {isa = PBXBuildFile; fileRef = 89CD10BE26DA736000605C63 /* URL+Mutable.swift */; };
/* End PBXBuildFile section */

/* Begin PBXContainerItemProxy section */
		3549E6D22374DFB300EA21C9 /* PBXContainerItemProxy */ = {
			isa = PBXContainerItemProxy;
			containerPortal = 3549E6BE2374DFB300EA21C9 /* Project object */;
			proxyType = 1;
			remoteGlobalIDString = 3549E6C62374DFB300EA21C9;
			remoteInfo = CombineNetwork;
		};
/* End PBXContainerItemProxy section */

/* Begin PBXFileReference section */
		3549E6C72374DFB300EA21C9 /* iCombineNetwork.framework */ = {isa = PBXFileReference; explicitFileType = wrapper.framework; includeInIndex = 0; path = iCombineNetwork.framework; sourceTree = BUILT_PRODUCTS_DIR; };
		3549E6CA2374DFB300EA21C9 /* iCombineNetwork.h */ = {isa = PBXFileReference; lastKnownFileType = sourcecode.c.h; path = iCombineNetwork.h; sourceTree = "<group>"; };
		3549E6CB2374DFB300EA21C9 /* Info.plist */ = {isa = PBXFileReference; lastKnownFileType = text.plist.xml; path = Info.plist; sourceTree = "<group>"; };
		3549E6D02374DFB300EA21C9 /* iCombineNetworkTests.xctest */ = {isa = PBXFileReference; explicitFileType = wrapper.cfbundle; includeInIndex = 0; path = iCombineNetworkTests.xctest; sourceTree = BUILT_PRODUCTS_DIR; };
		3549E6D72374DFB300EA21C9 /* Info.plist */ = {isa = PBXFileReference; lastKnownFileType = text.plist.xml; path = Info.plist; sourceTree = "<group>"; };
		3549E6E22374E01800EA21C9 /* RequestMethod.swift */ = {isa = PBXFileReference; lastKnownFileType = sourcecode.swift; path = RequestMethod.swift; sourceTree = "<group>"; };
		3AFB053CE1142720D98E2A76 /* libPods-iCombineNetwork.a */ = {isa = PBXFileReference; explicitFileType = archive.ar; includeInIndex = 0; path = "libPods-iCombineNetwork.a"; sourceTree = BUILT_PRODUCTS_DIR; };
		3BD85D3CFB5154FAE8A8FC2A /* Pods-CombineNetwork.debug.xcconfig */ = {isa = PBXFileReference; includeInIndex = 1; lastKnownFileType = text.xcconfig; name = "Pods-CombineNetwork.debug.xcconfig"; path = "Target Support Files/Pods-CombineNetwork/Pods-CombineNetwork.debug.xcconfig"; sourceTree = "<group>"; };
		587FE5C6A29AE472B97A04BC /* Pods-iCombineNetwork.debug.xcconfig */ = {isa = PBXFileReference; includeInIndex = 1; lastKnownFileType = text.xcconfig; name = "Pods-iCombineNetwork.debug.xcconfig"; path = "Target Support Files/Pods-iCombineNetwork/Pods-iCombineNetwork.debug.xcconfig"; sourceTree = "<group>"; };
		5F92EC4CE08AC382A0614B0B /* Pods-CombineNetwork.release.xcconfig */ = {isa = PBXFileReference; includeInIndex = 1; lastKnownFileType = text.xcconfig; name = "Pods-CombineNetwork.release.xcconfig"; path = "Target Support Files/Pods-CombineNetwork/Pods-CombineNetwork.release.xcconfig"; sourceTree = "<group>"; };
		89CD109F26DA70F100605C63 /* iCombineNetworkTests.swift */ = {isa = PBXFileReference; fileEncoding = 4; lastKnownFileType = sourcecode.swift; path = iCombineNetworkTests.swift; sourceTree = "<group>"; };
		89CD10A226DA72DE00605C63 /* ResponseHandler.swift */ = {isa = PBXFileReference; fileEncoding = 4; lastKnownFileType = sourcecode.swift; path = ResponseHandler.swift; sourceTree = "<group>"; };
		89CD10A326DA72DE00605C63 /* NetworkConnectionManager.swift */ = {isa = PBXFileReference; fileEncoding = 4; lastKnownFileType = sourcecode.swift; path = NetworkConnectionManager.swift; sourceTree = "<group>"; };
		89CD10A426DA72DE00605C63 /* HTTPClient.swift */ = {isa = PBXFileReference; fileEncoding = 4; lastKnownFileType = sourcecode.swift; path = HTTPClient.swift; sourceTree = "<group>"; };
		89CD10A526DA72DE00605C63 /* HTTPClientType.swift */ = {isa = PBXFileReference; fileEncoding = 4; lastKnownFileType = sourcecode.swift; path = HTTPClientType.swift; sourceTree = "<group>"; };
		89CD10AA26DA730300605C63 /* RequestBody.swift */ = {isa = PBXFileReference; fileEncoding = 4; lastKnownFileType = sourcecode.swift; path = RequestBody.swift; sourceTree = "<group>"; };
		89CD10AD26DA731500605C63 /* ServerError.swift */ = {isa = PBXFileReference; fileEncoding = 4; lastKnownFileType = sourcecode.swift; path = ServerError.swift; sourceTree = "<group>"; };
		89CD10AE26DA731500605C63 /* BusinessError.swift */ = {isa = PBXFileReference; fileEncoding = 4; lastKnownFileType = sourcecode.swift; path = BusinessError.swift; sourceTree = "<group>"; };
		89CD10AF26DA731500605C63 /* HTTPError.swift */ = {isa = PBXFileReference; fileEncoding = 4; lastKnownFileType = sourcecode.swift; path = HTTPError.swift; sourceTree = "<group>"; };
		89CD10B026DA731500605C63 /* NetworkError.swift */ = {isa = PBXFileReference; fileEncoding = 4; lastKnownFileType = sourcecode.swift; path = NetworkError.swift; sourceTree = "<group>"; };
		89CD10B526DA732A00605C63 /* RequestHeader.swift */ = {isa = PBXFileReference; fileEncoding = 4; lastKnownFileType = sourcecode.swift; path = RequestHeader.swift; sourceTree = "<group>"; };
		89CD10B726DA733500605C63 /* URLParameters.swift */ = {isa = PBXFileReference; fileEncoding = 4; lastKnownFileType = sourcecode.swift; path = URLParameters.swift; sourceTree = "<group>"; };
		89CD10B926DA734600605C63 /* RequestBodyType.swift */ = {isa = PBXFileReference; fileEncoding = 4; lastKnownFileType = sourcecode.swift; path = RequestBodyType.swift; sourceTree = "<group>"; };
		89CD10BC26DA736000605C63 /* String+Constants.swift */ = {isa = PBXFileReference; fileEncoding = 4; lastKnownFileType = sourcecode.swift; path = "String+Constants.swift"; sourceTree = "<group>"; };
		89CD10BD26DA736000605C63 /* Dictionary+Formatter.swift */ = {isa = PBXFileReference; fileEncoding = 4; lastKnownFileType = sourcecode.swift; path = "Dictionary+Formatter.swift"; sourceTree = "<group>"; };
		89CD10BE26DA736000605C63 /* URL+Mutable.swift */ = {isa = PBXFileReference; fileEncoding = 4; lastKnownFileType = sourcecode.swift; path = "URL+Mutable.swift"; sourceTree = "<group>"; };
		E161EAF4A912B311359AE78A /* Pods-iCombineNetwork.release.xcconfig */ = {isa = PBXFileReference; includeInIndex = 1; lastKnownFileType = text.xcconfig; name = "Pods-iCombineNetwork.release.xcconfig"; path = "Target Support Files/Pods-iCombineNetwork/Pods-iCombineNetwork.release.xcconfig"; sourceTree = "<group>"; };
/* End PBXFileReference section */

/* Begin PBXFrameworksBuildPhase section */
		3549E6C42374DFB300EA21C9 /* Frameworks */ = {
			isa = PBXFrameworksBuildPhase;
			buildActionMask = 2147483647;
			files = (
				784417DCFD94A56C2914E548 /* libPods-iCombineNetwork.a in Frameworks */,
			);
			runOnlyForDeploymentPostprocessing = 0;
		};
		3549E6CD2374DFB300EA21C9 /* Frameworks */ = {
			isa = PBXFrameworksBuildPhase;
			buildActionMask = 2147483647;
			files = (
				3549E6D12374DFB300EA21C9 /* iCombineNetwork.framework in Frameworks */,
			);
			runOnlyForDeploymentPostprocessing = 0;
		};
/* End PBXFrameworksBuildPhase section */

/* Begin PBXGroup section */
		3549E6BD2374DFB300EA21C9 = {
			isa = PBXGroup;
			children = (
				3549E6C92374DFB300EA21C9 /* iCombineNetwork */,
				3549E6D42374DFB300EA21C9 /* iCombineNetworkTests */,
				3549E6C82374DFB300EA21C9 /* Products */,
				45367170D46024DD6067D2C3 /* Pods */,
				FB2D93A43DE0F94A8CABCCC7 /* Frameworks */,
			);
			sourceTree = "<group>";
		};
		3549E6C82374DFB300EA21C9 /* Products */ = {
			isa = PBXGroup;
			children = (
				3549E6C72374DFB300EA21C9 /* iCombineNetwork.framework */,
				3549E6D02374DFB300EA21C9 /* iCombineNetworkTests.xctest */,
			);
			name = Products;
			sourceTree = "<group>";
		};
		3549E6C92374DFB300EA21C9 /* iCombineNetwork */ = {
			isa = PBXGroup;
			children = (
				89CD10BB26DA736000605C63 /* Utilities */,
				89CD10AC26DA731500605C63 /* Errors */,
				89CD10A126DA72DE00605C63 /* Client */,
				3549E6CA2374DFB300EA21C9 /* iCombineNetwork.h */,
				3549E6CB2374DFB300EA21C9 /* Info.plist */,
				3549E6E12374DFE200EA21C9 /* Request */,
			);
			path = iCombineNetwork;
			sourceTree = "<group>";
		};
		3549E6D42374DFB300EA21C9 /* iCombineNetworkTests */ = {
			isa = PBXGroup;
			children = (
				89CD109F26DA70F100605C63 /* iCombineNetworkTests.swift */,
				3549E6D72374DFB300EA21C9 /* Info.plist */,
			);
			path = iCombineNetworkTests;
			sourceTree = "<group>";
		};
		3549E6E12374DFE200EA21C9 /* Request */ = {
			isa = PBXGroup;
			children = (
				89CD10B926DA734600605C63 /* RequestBodyType.swift */,
				89CD10B726DA733500605C63 /* URLParameters.swift */,
				89CD10B526DA732A00605C63 /* RequestHeader.swift */,
				89CD10AA26DA730300605C63 /* RequestBody.swift */,
				3549E6E22374E01800EA21C9 /* RequestMethod.swift */,
			);
			path = Request;
			sourceTree = "<group>";
		};
		45367170D46024DD6067D2C3 /* Pods */ = {
			isa = PBXGroup;
			children = (
				3BD85D3CFB5154FAE8A8FC2A /* Pods-CombineNetwork.debug.xcconfig */,
				5F92EC4CE08AC382A0614B0B /* Pods-CombineNetwork.release.xcconfig */,
				587FE5C6A29AE472B97A04BC /* Pods-iCombineNetwork.debug.xcconfig */,
				E161EAF4A912B311359AE78A /* Pods-iCombineNetwork.release.xcconfig */,
			);
			path = Pods;
			sourceTree = "<group>";
		};
		89CD10A126DA72DE00605C63 /* Client */ = {
			isa = PBXGroup;
			children = (
				89CD10A226DA72DE00605C63 /* ResponseHandler.swift */,
				89CD10A326DA72DE00605C63 /* NetworkConnectionManager.swift */,
				89CD10A426DA72DE00605C63 /* HTTPClient.swift */,
				89CD10A526DA72DE00605C63 /* HTTPClientType.swift */,
			);
			path = Client;
			sourceTree = "<group>";
		};
		89CD10AC26DA731500605C63 /* Errors */ = {
			isa = PBXGroup;
			children = (
				89CD10AD26DA731500605C63 /* ServerError.swift */,
				89CD10AE26DA731500605C63 /* BusinessError.swift */,
				89CD10AF26DA731500605C63 /* HTTPError.swift */,
				89CD10B026DA731500605C63 /* NetworkError.swift */,
			);
			path = Errors;
			sourceTree = "<group>";
		};
		89CD10BB26DA736000605C63 /* Utilities */ = {
			isa = PBXGroup;
			children = (
				89CD10BC26DA736000605C63 /* String+Constants.swift */,
				89CD10BD26DA736000605C63 /* Dictionary+Formatter.swift */,
				89CD10BE26DA736000605C63 /* URL+Mutable.swift */,
			);
			path = Utilities;
			sourceTree = "<group>";
		};
		FB2D93A43DE0F94A8CABCCC7 /* Frameworks */ = {
			isa = PBXGroup;
			children = (
				3AFB053CE1142720D98E2A76 /* libPods-iCombineNetwork.a */,
			);
			name = Frameworks;
			sourceTree = "<group>";
		};
/* End PBXGroup section */

/* Begin PBXHeadersBuildPhase section */
		3549E6C22374DFB300EA21C9 /* Headers */ = {
			isa = PBXHeadersBuildPhase;
			buildActionMask = 2147483647;
			files = (
				3549E6D82374DFB300EA21C9 /* iCombineNetwork.h in Headers */,
			);
			runOnlyForDeploymentPostprocessing = 0;
		};
/* End PBXHeadersBuildPhase section */

/* Begin PBXNativeTarget section */
		3549E6C62374DFB300EA21C9 /* iCombineNetwork */ = {
			isa = PBXNativeTarget;
			buildConfigurationList = 3549E6DB2374DFB300EA21C9 /* Build configuration list for PBXNativeTarget "iCombineNetwork" */;
			buildPhases = (
				CEF175761336724C69B8DB2F /* [CP] Check Pods Manifest.lock */,
				3549E6C22374DFB300EA21C9 /* Headers */,
				3549E6C32374DFB300EA21C9 /* Sources */,
				3549E6C42374DFB300EA21C9 /* Frameworks */,
				3549E6C52374DFB300EA21C9 /* Resources */,
			);
			buildRules = (
			);
			dependencies = (
			);
			name = iCombineNetwork;
			productName = CombineNetwork;
			productReference = 3549E6C72374DFB300EA21C9 /* iCombineNetwork.framework */;
			productType = "com.apple.product-type.framework";
		};
		3549E6CF2374DFB300EA21C9 /* iCombineNetworkTests */ = {
			isa = PBXNativeTarget;
			buildConfigurationList = 3549E6DE2374DFB300EA21C9 /* Build configuration list for PBXNativeTarget "iCombineNetworkTests" */;
			buildPhases = (
				3549E6CC2374DFB300EA21C9 /* Sources */,
				3549E6CD2374DFB300EA21C9 /* Frameworks */,
				3549E6CE2374DFB300EA21C9 /* Resources */,
			);
			buildRules = (
			);
			dependencies = (
				3549E6D32374DFB300EA21C9 /* PBXTargetDependency */,
			);
			name = iCombineNetworkTests;
			productName = CombineNetworkTests;
			productReference = 3549E6D02374DFB300EA21C9 /* iCombineNetworkTests.xctest */;
			productType = "com.apple.product-type.bundle.unit-test";
		};
/* End PBXNativeTarget section */

/* Begin PBXProject section */
		3549E6BE2374DFB300EA21C9 /* Project object */ = {
			isa = PBXProject;
			attributes = {
				LastSwiftUpdateCheck = 1030;
				LastUpgradeCheck = 1030;
				ORGANIZATIONNAME = "";
				TargetAttributes = {
					3549E6C62374DFB300EA21C9 = {
						CreatedOnToolsVersion = 10.3;
						LastSwiftMigration = 1030;
					};
					3549E6CF2374DFB300EA21C9 = {
						CreatedOnToolsVersion = 10.3;
						LastSwiftMigration = 1250;
					};
				};
			};
			buildConfigurationList = 3549E6C12374DFB300EA21C9 /* Build configuration list for PBXProject "iCombineNetwork" */;
			compatibilityVersion = "Xcode 9.3";
			developmentRegion = en;
			hasScannedForEncodings = 0;
			knownRegions = (
				en,
			);
			mainGroup = 3549E6BD2374DFB300EA21C9;
			productRefGroup = 3549E6C82374DFB300EA21C9 /* Products */;
			projectDirPath = "";
			projectRoot = "";
			targets = (
				3549E6C62374DFB300EA21C9 /* iCombineNetwork */,
				3549E6CF2374DFB300EA21C9 /* iCombineNetworkTests */,
			);
		};
/* End PBXProject section */

/* Begin PBXResourcesBuildPhase section */
		3549E6C52374DFB300EA21C9 /* Resources */ = {
			isa = PBXResourcesBuildPhase;
			buildActionMask = 2147483647;
			files = (
			);
			runOnlyForDeploymentPostprocessing = 0;
		};
		3549E6CE2374DFB300EA21C9 /* Resources */ = {
			isa = PBXResourcesBuildPhase;
			buildActionMask = 2147483647;
			files = (
			);
			runOnlyForDeploymentPostprocessing = 0;
		};
/* End PBXResourcesBuildPhase section */

/* Begin PBXShellScriptBuildPhase section */
		CEF175761336724C69B8DB2F /* [CP] Check Pods Manifest.lock */ = {
			isa = PBXShellScriptBuildPhase;
			buildActionMask = 2147483647;
			files = (
			);
			inputFileListPaths = (
			);
			inputPaths = (
				"${PODS_PODFILE_DIR_PATH}/Podfile.lock",
				"${PODS_ROOT}/Manifest.lock",
			);
			name = "[CP] Check Pods Manifest.lock";
			outputFileListPaths = (
			);
			outputPaths = (
				"$(DERIVED_FILE_DIR)/Pods-iCombineNetwork-checkManifestLockResult.txt",
			);
			runOnlyForDeploymentPostprocessing = 0;
			shellPath = /bin/sh;
			shellScript = "diff \"${PODS_PODFILE_DIR_PATH}/Podfile.lock\" \"${PODS_ROOT}/Manifest.lock\" > /dev/null\nif [ $? != 0 ] ; then\n    # print error to STDERR\n    echo \"error: The sandbox is not in sync with the Podfile.lock. Run 'pod install' or update your CocoaPods installation.\" >&2\n    exit 1\nfi\n# This output is used by Xcode 'outputs' to avoid re-running this script phase.\necho \"SUCCESS\" > \"${SCRIPT_OUTPUT_FILE_0}\"\n";
			showEnvVarsInLog = 0;
		};
/* End PBXShellScriptBuildPhase section */

/* Begin PBXSourcesBuildPhase section */
		3549E6C32374DFB300EA21C9 /* Sources */ = {
			isa = PBXSourcesBuildPhase;
			buildActionMask = 2147483647;
			files = (
				89CD10A726DA72DE00605C63 /* NetworkConnectionManager.swift in Sources */,
				89CD10B826DA733500605C63 /* URLParameters.swift in Sources */,
				89CD10B326DA731500605C63 /* HTTPError.swift in Sources */,
				89CD10C026DA736000605C63 /* Dictionary+Formatter.swift in Sources */,
				89CD10C126DA736000605C63 /* URL+Mutable.swift in Sources */,
				89CD10A926DA72DE00605C63 /* HTTPClientType.swift in Sources */,
				3549E6E32374E01800EA21C9 /* RequestMethod.swift in Sources */,
				89CD10A826DA72DE00605C63 /* HTTPClient.swift in Sources */,
				89CD10B226DA731500605C63 /* BusinessError.swift in Sources */,
				89CD10B626DA732A00605C63 /* RequestHeader.swift in Sources */,
				89CD10A626DA72DE00605C63 /* ResponseHandler.swift in Sources */,
				89CD10AB26DA730300605C63 /* RequestBody.swift in Sources */,
				89CD10BF26DA736000605C63 /* String+Constants.swift in Sources */,
				89CD10B126DA731500605C63 /* ServerError.swift in Sources */,
				89CD10B426DA731500605C63 /* NetworkError.swift in Sources */,
				89CD10BA26DA734600605C63 /* RequestBodyType.swift in Sources */,
			);
			runOnlyForDeploymentPostprocessing = 0;
		};
		3549E6CC2374DFB300EA21C9 /* Sources */ = {
			isa = PBXSourcesBuildPhase;
			buildActionMask = 2147483647;
			files = (
				89CD10A026DA70F100605C63 /* iCombineNetworkTests.swift in Sources */,
			);
			runOnlyForDeploymentPostprocessing = 0;
		};
/* End PBXSourcesBuildPhase section */

/* Begin PBXTargetDependency section */
		3549E6D32374DFB300EA21C9 /* PBXTargetDependency */ = {
			isa = PBXTargetDependency;
			target = 3549E6C62374DFB300EA21C9 /* iCombineNetwork */;
			targetProxy = 3549E6D22374DFB300EA21C9 /* PBXContainerItemProxy */;
		};
/* End PBXTargetDependency section */

/* Begin XCBuildConfiguration section */
		3549E6D92374DFB300EA21C9 /* Debug */ = {
			isa = XCBuildConfiguration;
			buildSettings = {
				ALWAYS_SEARCH_USER_PATHS = NO;
				CLANG_ANALYZER_NONNULL = YES;
				CLANG_ANALYZER_NUMBER_OBJECT_CONVERSION = YES_AGGRESSIVE;
				CLANG_CXX_LANGUAGE_STANDARD = "gnu++14";
				CLANG_CXX_LIBRARY = "libc++";
				CLANG_ENABLE_MODULES = YES;
				CLANG_ENABLE_OBJC_ARC = YES;
				CLANG_ENABLE_OBJC_WEAK = YES;
				CLANG_WARN_BLOCK_CAPTURE_AUTORELEASING = YES;
				CLANG_WARN_BOOL_CONVERSION = YES;
				CLANG_WARN_COMMA = YES;
				CLANG_WARN_CONSTANT_CONVERSION = YES;
				CLANG_WARN_DEPRECATED_OBJC_IMPLEMENTATIONS = YES;
				CLANG_WARN_DIRECT_OBJC_ISA_USAGE = YES_ERROR;
				CLANG_WARN_DOCUMENTATION_COMMENTS = YES;
				CLANG_WARN_EMPTY_BODY = YES;
				CLANG_WARN_ENUM_CONVERSION = YES;
				CLANG_WARN_INFINITE_RECURSION = YES;
				CLANG_WARN_INT_CONVERSION = YES;
				CLANG_WARN_NON_LITERAL_NULL_CONVERSION = YES;
				CLANG_WARN_OBJC_IMPLICIT_RETAIN_SELF = YES;
				CLANG_WARN_OBJC_LITERAL_CONVERSION = YES;
				CLANG_WARN_OBJC_ROOT_CLASS = YES_ERROR;
				CLANG_WARN_RANGE_LOOP_ANALYSIS = YES;
				CLANG_WARN_STRICT_PROTOTYPES = YES;
				CLANG_WARN_SUSPICIOUS_MOVE = YES;
				CLANG_WARN_UNGUARDED_AVAILABILITY = YES_AGGRESSIVE;
				CLANG_WARN_UNREACHABLE_CODE = YES;
				CLANG_WARN__DUPLICATE_METHOD_MATCH = YES;
				CODE_SIGN_IDENTITY = "iPhone Developer";
				COPY_PHASE_STRIP = NO;
				CURRENT_PROJECT_VERSION = 1;
				DEBUG_INFORMATION_FORMAT = dwarf;
				ENABLE_STRICT_OBJC_MSGSEND = YES;
				ENABLE_TESTABILITY = YES;
				GCC_C_LANGUAGE_STANDARD = gnu11;
				GCC_DYNAMIC_NO_PIC = NO;
				GCC_NO_COMMON_BLOCKS = YES;
				GCC_OPTIMIZATION_LEVEL = 0;
				GCC_PREPROCESSOR_DEFINITIONS = (
					"DEBUG=1",
					"$(inherited)",
				);
				GCC_WARN_64_TO_32_BIT_CONVERSION = YES;
				GCC_WARN_ABOUT_RETURN_TYPE = YES_ERROR;
				GCC_WARN_UNDECLARED_SELECTOR = YES;
				GCC_WARN_UNINITIALIZED_AUTOS = YES_AGGRESSIVE;
				GCC_WARN_UNUSED_FUNCTION = YES;
				GCC_WARN_UNUSED_VARIABLE = YES;
				IPHONEOS_DEPLOYMENT_TARGET = 9.0;
				MTL_ENABLE_DEBUG_INFO = INCLUDE_SOURCE;
				MTL_FAST_MATH = YES;
				ONLY_ACTIVE_ARCH = YES;
				SDKROOT = iphoneos;
				SWIFT_ACTIVE_COMPILATION_CONDITIONS = DEBUG;
				SWIFT_OPTIMIZATION_LEVEL = "-Onone";
				VERSIONING_SYSTEM = "apple-generic";
				VERSION_INFO_PREFIX = "";
			};
			name = Debug;
		};
		3549E6DA2374DFB300EA21C9 /* Release */ = {
			isa = XCBuildConfiguration;
			buildSettings = {
				ALWAYS_SEARCH_USER_PATHS = NO;
				CLANG_ANALYZER_NONNULL = YES;
				CLANG_ANALYZER_NUMBER_OBJECT_CONVERSION = YES_AGGRESSIVE;
				CLANG_CXX_LANGUAGE_STANDARD = "gnu++14";
				CLANG_CXX_LIBRARY = "libc++";
				CLANG_ENABLE_MODULES = YES;
				CLANG_ENABLE_OBJC_ARC = YES;
				CLANG_ENABLE_OBJC_WEAK = YES;
				CLANG_WARN_BLOCK_CAPTURE_AUTORELEASING = YES;
				CLANG_WARN_BOOL_CONVERSION = YES;
				CLANG_WARN_COMMA = YES;
				CLANG_WARN_CONSTANT_CONVERSION = YES;
				CLANG_WARN_DEPRECATED_OBJC_IMPLEMENTATIONS = YES;
				CLANG_WARN_DIRECT_OBJC_ISA_USAGE = YES_ERROR;
				CLANG_WARN_DOCUMENTATION_COMMENTS = YES;
				CLANG_WARN_EMPTY_BODY = YES;
				CLANG_WARN_ENUM_CONVERSION = YES;
				CLANG_WARN_INFINITE_RECURSION = YES;
				CLANG_WARN_INT_CONVERSION = YES;
				CLANG_WARN_NON_LITERAL_NULL_CONVERSION = YES;
				CLANG_WARN_OBJC_IMPLICIT_RETAIN_SELF = YES;
				CLANG_WARN_OBJC_LITERAL_CONVERSION = YES;
				CLANG_WARN_OBJC_ROOT_CLASS = YES_ERROR;
				CLANG_WARN_RANGE_LOOP_ANALYSIS = YES;
				CLANG_WARN_STRICT_PROTOTYPES = YES;
				CLANG_WARN_SUSPICIOUS_MOVE = YES;
				CLANG_WARN_UNGUARDED_AVAILABILITY = YES_AGGRESSIVE;
				CLANG_WARN_UNREACHABLE_CODE = YES;
				CLANG_WARN__DUPLICATE_METHOD_MATCH = YES;
				CODE_SIGN_IDENTITY = "iPhone Developer";
				COPY_PHASE_STRIP = NO;
				CURRENT_PROJECT_VERSION = 1;
				DEBUG_INFORMATION_FORMAT = "dwarf-with-dsym";
				ENABLE_NS_ASSERTIONS = NO;
				ENABLE_STRICT_OBJC_MSGSEND = YES;
				GCC_C_LANGUAGE_STANDARD = gnu11;
				GCC_NO_COMMON_BLOCKS = YES;
				GCC_WARN_64_TO_32_BIT_CONVERSION = YES;
				GCC_WARN_ABOUT_RETURN_TYPE = YES_ERROR;
				GCC_WARN_UNDECLARED_SELECTOR = YES;
				GCC_WARN_UNINITIALIZED_AUTOS = YES_AGGRESSIVE;
				GCC_WARN_UNUSED_FUNCTION = YES;
				GCC_WARN_UNUSED_VARIABLE = YES;
				IPHONEOS_DEPLOYMENT_TARGET = 9.0;
				MTL_ENABLE_DEBUG_INFO = NO;
				MTL_FAST_MATH = YES;
				SDKROOT = iphoneos;
				SWIFT_COMPILATION_MODE = wholemodule;
				SWIFT_OPTIMIZATION_LEVEL = "-O";
				VALIDATE_PRODUCT = YES;
				VERSIONING_SYSTEM = "apple-generic";
				VERSION_INFO_PREFIX = "";
			};
			name = Release;
		};
		3549E6DC2374DFB300EA21C9 /* Debug */ = {
			isa = XCBuildConfiguration;
			baseConfigurationReference = 587FE5C6A29AE472B97A04BC /* Pods-iCombineNetwork.debug.xcconfig */;
			buildSettings = {
				CLANG_ENABLE_MODULES = YES;
				CODE_SIGN_IDENTITY = "";
				CODE_SIGN_STYLE = Automatic;
				DEFINES_MODULE = YES;
				DYLIB_COMPATIBILITY_VERSION = 1;
				DYLIB_CURRENT_VERSION = 1;
				DYLIB_INSTALL_NAME_BASE = "@rpath";
				INFOPLIST_FILE = iCombineNetwork/Info.plist;
				INSTALL_PATH = "$(LOCAL_LIBRARY_DIR)/Frameworks";
				IPHONEOS_DEPLOYMENT_TARGET = 8.0;
				LD_RUNPATH_SEARCH_PATHS = (
					"$(inherited)",
					"@executable_path/Frameworks",
					"@loader_path/Frameworks",
				);
				MARKETING_VERSION = 0.3.5;
				PRODUCT_BUNDLE_IDENTIFIER = com.icombine;
				PRODUCT_NAME = "$(TARGET_NAME:c99extidentifier)";
				SKIP_INSTALL = YES;
				SWIFT_OPTIMIZATION_LEVEL = "-Onone";
				SWIFT_VERSION = 4.2;
				TARGETED_DEVICE_FAMILY = "1,2";
			};
			name = Debug;
		};
		3549E6DD2374DFB300EA21C9 /* Release */ = {
			isa = XCBuildConfiguration;
			baseConfigurationReference = E161EAF4A912B311359AE78A /* Pods-iCombineNetwork.release.xcconfig */;
			buildSettings = {
				CLANG_ENABLE_MODULES = YES;
				CODE_SIGN_IDENTITY = "";
				CODE_SIGN_STYLE = Automatic;
				DEFINES_MODULE = YES;
				DYLIB_COMPATIBILITY_VERSION = 1;
				DYLIB_CURRENT_VERSION = 1;
				DYLIB_INSTALL_NAME_BASE = "@rpath";
				INFOPLIST_FILE = iCombineNetwork/Info.plist;
				INSTALL_PATH = "$(LOCAL_LIBRARY_DIR)/Frameworks";
				IPHONEOS_DEPLOYMENT_TARGET = 8.0;
				LD_RUNPATH_SEARCH_PATHS = (
					"$(inherited)",
					"@executable_path/Frameworks",
					"@loader_path/Frameworks",
				);
				MARKETING_VERSION = 0.3.5;
				PRODUCT_BUNDLE_IDENTIFIER = com.icombine;
				PRODUCT_NAME = "$(TARGET_NAME:c99extidentifier)";
				SKIP_INSTALL = YES;
				SWIFT_VERSION = 4.2;
				TARGETED_DEVICE_FAMILY = "1,2";
			};
			name = Release;
		};
		3549E6DF2374DFB300EA21C9 /* Debug */ = {
			isa = XCBuildConfiguration;
			buildSettings = {
				ALWAYS_EMBED_SWIFT_STANDARD_LIBRARIES = YES;
				CLANG_ENABLE_MODULES = YES;
				CODE_SIGN_STYLE = Automatic;
				INFOPLIST_FILE = iCombineNetworkTests/Info.plist;
				LD_RUNPATH_SEARCH_PATHS = (
					"$(inherited)",
					"@executable_path/Frameworks",
					"@loader_path/Frameworks",
				);
				PRODUCT_BUNDLE_IDENTIFIER = com.iCombine.iCombineNetworkTests;
				PRODUCT_NAME = "$(TARGET_NAME)";
				SWIFT_OPTIMIZATION_LEVEL = "-Onone";
				SWIFT_VERSION = 5.0;
				TARGETED_DEVICE_FAMILY = "1,2";
			};
			name = Debug;
		};
		3549E6E02374DFB300EA21C9 /* Release */ = {
			isa = XCBuildConfiguration;
			buildSettings = {
				ALWAYS_EMBED_SWIFT_STANDARD_LIBRARIES = YES;
				CLANG_ENABLE_MODULES = YES;
				CODE_SIGN_STYLE = Automatic;
				INFOPLIST_FILE = iCombineNetworkTests/Info.plist;
				LD_RUNPATH_SEARCH_PATHS = (
					"$(inherited)",
					"@executable_path/Frameworks",
					"@loader_path/Frameworks",
				);
				PRODUCT_BUNDLE_IDENTIFIER = com.iCombine.iCombineNetworkTests;
				PRODUCT_NAME = "$(TARGET_NAME)";
				SWIFT_VERSION = 5.0;
				TARGETED_DEVICE_FAMILY = "1,2";
			};
			name = Release;
		};
/* End XCBuildConfiguration section */

/* Begin XCConfigurationList section */
		3549E6C12374DFB300EA21C9 /* Build configuration list for PBXProject "iCombineNetwork" */ = {
			isa = XCConfigurationList;
			buildConfigurations = (
				3549E6D92374DFB300EA21C9 /* Debug */,
				3549E6DA2374DFB300EA21C9 /* Release */,
			);
			defaultConfigurationIsVisible = 0;
			defaultConfigurationName = Release;
		};
		3549E6DB2374DFB300EA21C9 /* Build configuration list for PBXNativeTarget "iCombineNetwork" */ = {
			isa = XCConfigurationList;
			buildConfigurations = (
				3549E6DC2374DFB300EA21C9 /* Debug */,
				3549E6DD2374DFB300EA21C9 /* Release */,
			);
			defaultConfigurationIsVisible = 0;
			defaultConfigurationName = Release;
		};
		3549E6DE2374DFB300EA21C9 /* Build configuration list for PBXNativeTarget "iCombineNetworkTests" */ = {
			isa = XCConfigurationList;
			buildConfigurations = (
				3549E6DF2374DFB300EA21C9 /* Debug */,
				3549E6E02374DFB300EA21C9 /* Release */,
			);
			defaultConfigurationIsVisible = 0;
			defaultConfigurationName = Release;
		};
/* End XCConfigurationList section */
	};
	rootObject = 3549E6BE2374DFB300EA21C9 /* Project object */;
}
