PODS:
  - iCombine (0.3.0):
    - RxCocoa (~> 5)
    - RxSwift (~> 5)
  - RxCocoa (5.1.3):
    - RxRelay (~> 5)
    - RxSwift (~> 5)
  - RxRelay (5.1.3):
    - RxSwift (~> 5)
  - RxSwift (5.1.3)

DEPENDENCIES:
  - iCombine (~> 0.3.0)

SPEC REPOS:
  trunk:
    - iCombine
    - RxCocoa
    - RxRelay
    - RxSwift

SPEC CHECKSUMS:
  iCombine: c67e48637ce4c7f5c0dd59bf7cd5b79793a08f64
  RxCocoa: e2ed092d5432e4296aa818021d27de4090ac0354
  RxRelay: 5a18c2eb2d68326ebaf0112f80d837ae41b92b97
  RxSwift: 915abbdfb62214aa89ccd0b194d44fb478019b27

PODFILE CHECKSUM: 0c0dd9016f207c918002353e2a708cc0336f2547

COCOAPODS: 1.10.2
